
Microsoft Visual Studio Solution File, Format Version 12.00
# Visual Studio Version 17
VisualStudioVersion = 17.12.35514.174 d17.12
MinimumVisualStudioVersion = 10.0.40219.1
Project("{2150E333-8FDC-42A3-9474-1A3956D46DE8}") = "test", "test", "{8A409FD9-C5D3-4BAC-96AC-739B3EDD0F26}"
EndProject
Project("{2150E333-8FDC-42A3-9474-1A3956D46DE8}") = "src", "src", "{E03397F7-050A-4297-91A0-C087BD5966D0}"
EndProject
Project("{FAE04EC0-301F-11D3-BF4B-00C04F79EFBC}") = "Bookify.Doman", "Bookify.Doman\Bookify.Doman.csproj", "{C315A178-6C7C-409E-B703-EC1F60AED283}"
EndProject
Global
	GlobalSection(SolutionConfigurationPlatforms) = preSolution
		Debug|Any CPU = Debug|Any CPU
		Release|Any CPU = Release|Any CPU
	EndGlobalSection
	GlobalSection(ProjectConfigurationPlatforms) = postSolution
		{C315A178-6C7C-409E-B703-EC1F60AED283}.Debug|Any CPU.ActiveCfg = Debug|Any CPU
		{C315A178-6C7C-409E-B703-EC1F60AED283}.Debug|Any CPU.Build.0 = Debug|Any CPU
		{C315A178-6C7C-409E-B703-EC1F60AED283}.Release|Any CPU.ActiveCfg = Release|Any CPU
		{C315A178-6C7C-409E-B703-EC1F60AED283}.Release|Any CPU.Build.0 = Release|Any CPU
	EndGlobalSection
	GlobalSection(SolutionProperties) = preSolution
		HideSolutionNode = FALSE
	EndGlobalSection
	GlobalSection(NestedProjects) = preSolution
		{C315A178-6C7C-409E-B703-EC1F60AED283} = {E03397F7-050A-4297-91A0-C087BD5966D0}
	EndGlobalSection
EndGlobal
